
Microsoft Visual Studio Solution File, Format Version 12.00
Project("{F2A71F9B-5D33-465A-A702-920D77279786}") = "AvaloniaApplication1", "AvaloniaApplication1\AvaloniaApplication1.fsproj", "{C2ADE093-DE0F-4BC7-8F01-B8E8F40632C1}"
EndProject
Global
	GlobalSection(SolutionConfigurationPlatforms) = preSolution
		Debug|Any CPU = Debug|Any CPU
		Release|Any CPU = Release|Any CPU
	EndGlobalSection
	GlobalSection(ProjectConfigurationPlatforms) = postSolution
		{C2ADE093-DE0F-4BC7-8F01-B8E8F40632C1}.Debug|Any CPU.ActiveCfg = Debug|Any CPU
		{C2ADE093-DE0F-4BC7-8F01-B8E8F40632C1}.Debug|Any CPU.Build.0 = Debug|Any CPU
		{C2ADE093-DE0F-4BC7-8F01-B8E8F40632C1}.Release|Any CPU.ActiveCfg = Release|Any CPU
		{C2ADE093-DE0F-4BC7-8F01-B8E8F40632C1}.Release|Any CPU.Build.0 = Release|Any CPU
	EndGlobalSection
EndGlobal
